
Microsoft Visual Studio Solution File, Format Version 12.00
# Visual Studio 15
VisualStudioVersion = 15.0.28307.757
MinimumVisualStudioVersion = 10.0.40219.1
Project("{9A19103F-16F7-4668-BE54-9A1E7A4F7556}") = "GlobalExceptionMiddleware", "GlobalExceptionMiddleware\GlobalExceptionMiddleware.csproj", "{291225A8-1E1F-4A94-98F7-E6B156B14371}"
EndProject
Project("{FAE04EC0-301F-11D3-BF4B-00C04F79EFBC}") = "SampleApi", "SampleApi\SampleApi.csproj", "{9EF7186A-1347-4489-B181-6ADF626CCD6F}"
EndProject
Global
	GlobalSection(SolutionConfigurationPlatforms) = preSolution
		Debug|Any CPU = Debug|Any CPU
		Release|Any CPU = Release|Any CPU
	EndGlobalSection
	GlobalSection(ProjectConfigurationPlatforms) = postSolution
		{291225A8-1E1F-4A94-98F7-E6B156B14371}.Debug|Any CPU.ActiveCfg = Debug|Any CPU
		{291225A8-1E1F-4A94-98F7-E6B156B14371}.Debug|Any CPU.Build.0 = Debug|Any CPU
		{291225A8-1E1F-4A94-98F7-E6B156B14371}.Release|Any CPU.ActiveCfg = Release|Any CPU
		{291225A8-1E1F-4A94-98F7-E6B156B14371}.Release|Any CPU.Build.0 = Release|Any CPU
		{9EF7186A-1347-4489-B181-6ADF626CCD6F}.Debug|Any CPU.ActiveCfg = Debug|Any CPU
		{9EF7186A-1347-4489-B181-6ADF626CCD6F}.Debug|Any CPU.Build.0 = Debug|Any CPU
		{9EF7186A-1347-4489-B181-6ADF626CCD6F}.Release|Any CPU.ActiveCfg = Release|Any CPU
		{9EF7186A-1347-4489-B181-6ADF626CCD6F}.Release|Any CPU.Build.0 = Release|Any CPU
	EndGlobalSection
	GlobalSection(SolutionProperties) = preSolution
		HideSolutionNode = FALSE
	EndGlobalSection
	GlobalSection(ExtensibilityGlobals) = postSolution
		SolutionGuid = {696196AD-AD1A-42F7-BB9F-D7D43DD8D2DA}
	EndGlobalSection
EndGlobal
