
Microsoft Visual Studio Solution File, Format Version 12.00
# Visual Studio 15
VisualStudioVersion = 15.0.28307.572
MinimumVisualStudioVersion = 10.0.40219.1
Project("{9A19103F-16F7-4668-BE54-9A1E7A4F7556}") = "Api", "Api\Api.csproj", "{D8EEB34A-E915-4520-BDD6-AB84F2DF4F44}"
EndProject
Project("{FAE04EC0-301F-11D3-BF4B-00C04F79EFBC}") = "Job.ReportGenerator", "Job.ReportGenerator\Job.ReportGenerator.csproj", "{EA464F01-03ED-4B0D-BCFB-436895068BCC}"
EndProject
Global
	GlobalSection(SolutionConfigurationPlatforms) = preSolution
		Debug|Any CPU = Debug|Any CPU
		Release|Any CPU = Release|Any CPU
	EndGlobalSection
	GlobalSection(ProjectConfigurationPlatforms) = postSolution
		{D8EEB34A-E915-4520-BDD6-AB84F2DF4F44}.Debug|Any CPU.ActiveCfg = Debug|Any CPU
		{D8EEB34A-E915-4520-BDD6-AB84F2DF4F44}.Debug|Any CPU.Build.0 = Debug|Any CPU
		{D8EEB34A-E915-4520-BDD6-AB84F2DF4F44}.Release|Any CPU.ActiveCfg = Release|Any CPU
		{D8EEB34A-E915-4520-BDD6-AB84F2DF4F44}.Release|Any CPU.Build.0 = Release|Any CPU
		{EA464F01-03ED-4B0D-BCFB-436895068BCC}.Debug|Any CPU.ActiveCfg = Debug|Any CPU
		{EA464F01-03ED-4B0D-BCFB-436895068BCC}.Debug|Any CPU.Build.0 = Debug|Any CPU
		{EA464F01-03ED-4B0D-BCFB-436895068BCC}.Release|Any CPU.ActiveCfg = Release|Any CPU
		{EA464F01-03ED-4B0D-BCFB-436895068BCC}.Release|Any CPU.Build.0 = Release|Any CPU
	EndGlobalSection
	GlobalSection(SolutionProperties) = preSolution
		HideSolutionNode = FALSE
	EndGlobalSection
	GlobalSection(ExtensibilityGlobals) = postSolution
		SolutionGuid = {D08A2C01-80AE-40D5-9CE2-651722352C68}
	EndGlobalSection
EndGlobal
