
Microsoft Visual Studio Solution File, Format Version 12.00
# Visual Studio 15
VisualStudioVersion = 15.0.28307.572
MinimumVisualStudioVersion = 10.0.40219.1
Project("{9A19103F-16F7-4668-BE54-9A1E7A4F7556}") = "Api", "Api\Api.csproj", "{E0C7443B-8755-4510-8FF8-A11654D8EDB0}"
EndProject
Project("{FAE04EC0-301F-11D3-BF4B-00C04F79EFBC}") = "Library.Public", "Library.Public\Library.Public.csproj", "{8A20644D-5366-400B-9555-4B4A81F89D5B}"
EndProject
Global
	GlobalSection(SolutionConfigurationPlatforms) = preSolution
		Debug|Any CPU = Debug|Any CPU
		Release|Any CPU = Release|Any CPU
	EndGlobalSection
	GlobalSection(ProjectConfigurationPlatforms) = postSolution
		{E0C7443B-8755-4510-8FF8-A11654D8EDB0}.Debug|Any CPU.ActiveCfg = Debug|Any CPU
		{E0C7443B-8755-4510-8FF8-A11654D8EDB0}.Debug|Any CPU.Build.0 = Debug|Any CPU
		{E0C7443B-8755-4510-8FF8-A11654D8EDB0}.Release|Any CPU.ActiveCfg = Release|Any CPU
		{E0C7443B-8755-4510-8FF8-A11654D8EDB0}.Release|Any CPU.Build.0 = Release|Any CPU
		{8A20644D-5366-400B-9555-4B4A81F89D5B}.Debug|Any CPU.ActiveCfg = Debug|Any CPU
		{8A20644D-5366-400B-9555-4B4A81F89D5B}.Debug|Any CPU.Build.0 = Debug|Any CPU
		{8A20644D-5366-400B-9555-4B4A81F89D5B}.Release|Any CPU.ActiveCfg = Release|Any CPU
		{8A20644D-5366-400B-9555-4B4A81F89D5B}.Release|Any CPU.Build.0 = Release|Any CPU
	EndGlobalSection
	GlobalSection(SolutionProperties) = preSolution
		HideSolutionNode = FALSE
	EndGlobalSection
	GlobalSection(ExtensibilityGlobals) = postSolution
		SolutionGuid = {086AA8B6-635E-4C72-A331-2FBB6F0AEF1F}
	EndGlobalSection
EndGlobal
